
Microsoft Visual Studio Solution File, Format Version 12.00
# Visual Studio 15
VisualStudioVersion = 15.0.28307.329
MinimumVisualStudioVersion = 10.0.40219.1
Project("{2150E333-8FDC-42A3-9474-1A3956D46DE8}") = "Week2", "Week2", "{711A13D5-30BE-48DD-AA7F-6A574B7BDF0D}"
EndProject
Project("{2150E333-8FDC-42A3-9474-1A3956D46DE8}") = "Shared", "Shared", "{288A0C9A-2773-41F9-8DAA-80A97863F293}"
EndProject
Project("{2150E333-8FDC-42A3-9474-1A3956D46DE8}") = "Week3", "Week3", "{E392D3AA-17D2-40C8-A6E3-02B37FAE4A3A}"
EndProject
Project("{9A19103F-16F7-4668-BE54-9A1E7A4F7556}") = "Fundacion.Jala.DevInt.Shared.Models", "Fundacion.Jala.DevInt.Shared.Models\Fundacion.Jala.DevInt.Shared.Models.csproj", "{96640755-8DAF-4B12-A13F-49EB28A93B5D}"
EndProject
Project("{FAE04EC0-301F-11D3-BF4B-00C04F79EFBC}") = "Fundacion.Jala.DevInt.NetFrameworkApp", "Fundacion.Jala.DevInt.NetFrameworkApp\Fundacion.Jala.DevInt.NetFrameworkApp.csproj", "{56B097E2-7DA8-4DFF-A0C8-44FEC503432E}"
EndProject
Project("{9A19103F-16F7-4668-BE54-9A1E7A4F7556}") = "Fundacion.Jala.DevInt.NetCoreApp", "Fundacion.Jala.DevInt.NetCoreApp\Fundacion.Jala.DevInt.NetCoreApp.csproj", "{EC7DB42A-3F37-4512-BF3D-4CF69C9133ED}"
EndProject
Project("{9A19103F-16F7-4668-BE54-9A1E7A4F7556}") = "Fundacion.Jala.DevInt.Tests", "Fundacion.Jala.DevInt.Tests\Fundacion.Jala.DevInt.Tests.csproj", "{8CEB6E0C-3AAE-45F4-B650-703EDF2ECA80}"
EndProject
Project("{9A19103F-16F7-4668-BE54-9A1E7A4F7556}") = "Fundacion.Jala.DevInt.ConsoleApp.Shared", "Fundacion.Jala.DevInt.ConsoleApp.Shared\Fundacion.Jala.DevInt.ConsoleApp.Shared.csproj", "{87555BB2-F02C-4096-8C30-FDD148D8C062}"
EndProject
Project("{FAE04EC0-301F-11D3-BF4B-00C04F79EFBC}") = "Fundacion.Jala.DevInt.OOP", "Fundacion.Jala.DevInt.OOP\Fundacion.Jala.DevInt.OOP.csproj", "{1B3FA80F-045C-4D90-B7FA-2C3B406B334E}"
EndProject
Project("{2150E333-8FDC-42A3-9474-1A3956D46DE8}") = "Week4", "Week4", "{E4B98438-A0AD-462E-ADCD-7B54402E0AC0}"
EndProject
Project("{FAE04EC0-301F-11D3-BF4B-00C04F79EFBC}") = "Fundacion.Jala.DevInt.OOP.ConsoleApp", "Fundacion.Jala.DevInt.OOP.ConsoleApp\Fundacion.Jala.DevInt.OOP.ConsoleApp.csproj", "{B9F17B4D-58D9-465F-B2EC-B943D1CF8A97}"
EndProject
Project("{FAE04EC0-301F-11D3-BF4B-00C04F79EFBC}") = "Fundacion.Jala.DevInt.ObjectTypeApp", "Fundacion.Jala.DevInt.ObjectTypeApp\Fundacion.Jala.DevInt.ObjectTypeApp.csproj", "{EE7F52BE-D6A6-4693-B5DA-589D1B74CFD8}"
EndProject
Project("{9A19103F-16F7-4668-BE54-9A1E7A4F7556}") = "Fundacion.Jala.DevInt.ObjectType.Tests", "Fundacion.Jala.DevInt.ObjectType.Tests\Fundacion.Jala.DevInt.ObjectType.Tests.csproj", "{20D37767-2457-47BC-8EC7-AE786DC5C43B}"
EndProject
Project("{9A19103F-16F7-4668-BE54-9A1E7A4F7556}") = "Fundacion.Jala.DevInt.GenericsSample", "Fundacion.Jala.DevInt.GenericsSample\Fundacion.Jala.DevInt.GenericsSample.csproj", "{02331A2E-C672-4B25-A554-9E58F37A3E55}"
EndProject
Project("{9A19103F-16F7-4668-BE54-9A1E7A4F7556}") = "Fundacion.Jala.DevInt.GenericsSampleTests", "Fundacion.Jala.DevInt.GenericsSampleTests\Fundacion.Jala.DevInt.GenericsSampleTests.csproj", "{29F4DA56-C4DF-43FE-A206-60ED704C3A16}"
EndProject
Project("{FAE04EC0-301F-11D3-BF4B-00C04F79EFBC}") = "Generics.Practicing", "Generics.Practicing\Generics.Practicing.csproj", "{34C6C3AC-D345-4F2D-B6F8-E13D94F1F203}"
EndProject
Project("{FAE04EC0-301F-11D3-BF4B-00C04F79EFBC}") = "Generics.Practicing.Test", "Generics.Practicing.Test\Generics.Practicing.Test.csproj", "{A50E70E0-9A4D-4F56-A9E8-0ABAA5E7AC97}"
EndProject
Project("{2150E333-8FDC-42A3-9474-1A3956D46DE8}") = "Week5", "Week5", "{CA4B82C4-220F-4F92-95F9-700FA2CD68A4}"
EndProject
Project("{9A19103F-16F7-4668-BE54-9A1E7A4F7556}") = "DevInt.PracticeDelegates", "DevInt.PracticeDelegates\DevInt.PracticeDelegates\DevInt.PracticeDelegates.csproj", "{C104D301-627D-4A08-AE18-87DA6724D599}"
EndProject
Global
	GlobalSection(SolutionConfigurationPlatforms) = preSolution
		Debug|Any CPU = Debug|Any CPU
		Release|Any CPU = Release|Any CPU
	EndGlobalSection
	GlobalSection(ProjectConfigurationPlatforms) = postSolution
		{96640755-8DAF-4B12-A13F-49EB28A93B5D}.Debug|Any CPU.ActiveCfg = Debug|Any CPU
		{96640755-8DAF-4B12-A13F-49EB28A93B5D}.Debug|Any CPU.Build.0 = Debug|Any CPU
		{96640755-8DAF-4B12-A13F-49EB28A93B5D}.Release|Any CPU.ActiveCfg = Release|Any CPU
		{96640755-8DAF-4B12-A13F-49EB28A93B5D}.Release|Any CPU.Build.0 = Release|Any CPU
		{56B097E2-7DA8-4DFF-A0C8-44FEC503432E}.Debug|Any CPU.ActiveCfg = Debug|Any CPU
		{56B097E2-7DA8-4DFF-A0C8-44FEC503432E}.Debug|Any CPU.Build.0 = Debug|Any CPU
		{56B097E2-7DA8-4DFF-A0C8-44FEC503432E}.Release|Any CPU.ActiveCfg = Release|Any CPU
		{56B097E2-7DA8-4DFF-A0C8-44FEC503432E}.Release|Any CPU.Build.0 = Release|Any CPU
		{EC7DB42A-3F37-4512-BF3D-4CF69C9133ED}.Debug|Any CPU.ActiveCfg = Debug|Any CPU
		{EC7DB42A-3F37-4512-BF3D-4CF69C9133ED}.Debug|Any CPU.Build.0 = Debug|Any CPU
		{EC7DB42A-3F37-4512-BF3D-4CF69C9133ED}.Release|Any CPU.ActiveCfg = Release|Any CPU
		{EC7DB42A-3F37-4512-BF3D-4CF69C9133ED}.Release|Any CPU.Build.0 = Release|Any CPU
		{8CEB6E0C-3AAE-45F4-B650-703EDF2ECA80}.Debug|Any CPU.ActiveCfg = Debug|Any CPU
		{8CEB6E0C-3AAE-45F4-B650-703EDF2ECA80}.Debug|Any CPU.Build.0 = Debug|Any CPU
		{8CEB6E0C-3AAE-45F4-B650-703EDF2ECA80}.Release|Any CPU.ActiveCfg = Release|Any CPU
		{8CEB6E0C-3AAE-45F4-B650-703EDF2ECA80}.Release|Any CPU.Build.0 = Release|Any CPU
		{87555BB2-F02C-4096-8C30-FDD148D8C062}.Debug|Any CPU.ActiveCfg = Debug|Any CPU
		{87555BB2-F02C-4096-8C30-FDD148D8C062}.Debug|Any CPU.Build.0 = Debug|Any CPU
		{87555BB2-F02C-4096-8C30-FDD148D8C062}.Release|Any CPU.ActiveCfg = Release|Any CPU
		{87555BB2-F02C-4096-8C30-FDD148D8C062}.Release|Any CPU.Build.0 = Release|Any CPU
		{1B3FA80F-045C-4D90-B7FA-2C3B406B334E}.Debug|Any CPU.ActiveCfg = Debug|Any CPU
		{1B3FA80F-045C-4D90-B7FA-2C3B406B334E}.Debug|Any CPU.Build.0 = Debug|Any CPU
		{1B3FA80F-045C-4D90-B7FA-2C3B406B334E}.Release|Any CPU.ActiveCfg = Release|Any CPU
		{1B3FA80F-045C-4D90-B7FA-2C3B406B334E}.Release|Any CPU.Build.0 = Release|Any CPU
		{B9F17B4D-58D9-465F-B2EC-B943D1CF8A97}.Debug|Any CPU.ActiveCfg = Debug|Any CPU
		{B9F17B4D-58D9-465F-B2EC-B943D1CF8A97}.Debug|Any CPU.Build.0 = Debug|Any CPU
		{B9F17B4D-58D9-465F-B2EC-B943D1CF8A97}.Release|Any CPU.ActiveCfg = Release|Any CPU
		{B9F17B4D-58D9-465F-B2EC-B943D1CF8A97}.Release|Any CPU.Build.0 = Release|Any CPU
		{EE7F52BE-D6A6-4693-B5DA-589D1B74CFD8}.Debug|Any CPU.ActiveCfg = Debug|Any CPU
		{EE7F52BE-D6A6-4693-B5DA-589D1B74CFD8}.Debug|Any CPU.Build.0 = Debug|Any CPU
		{EE7F52BE-D6A6-4693-B5DA-589D1B74CFD8}.Release|Any CPU.ActiveCfg = Release|Any CPU
		{EE7F52BE-D6A6-4693-B5DA-589D1B74CFD8}.Release|Any CPU.Build.0 = Release|Any CPU
		{20D37767-2457-47BC-8EC7-AE786DC5C43B}.Debug|Any CPU.ActiveCfg = Debug|Any CPU
		{20D37767-2457-47BC-8EC7-AE786DC5C43B}.Debug|Any CPU.Build.0 = Debug|Any CPU
		{20D37767-2457-47BC-8EC7-AE786DC5C43B}.Release|Any CPU.ActiveCfg = Release|Any CPU
		{20D37767-2457-47BC-8EC7-AE786DC5C43B}.Release|Any CPU.Build.0 = Release|Any CPU
		{02331A2E-C672-4B25-A554-9E58F37A3E55}.Debug|Any CPU.ActiveCfg = Debug|Any CPU
		{02331A2E-C672-4B25-A554-9E58F37A3E55}.Debug|Any CPU.Build.0 = Debug|Any CPU
		{02331A2E-C672-4B25-A554-9E58F37A3E55}.Release|Any CPU.ActiveCfg = Release|Any CPU
		{02331A2E-C672-4B25-A554-9E58F37A3E55}.Release|Any CPU.Build.0 = Release|Any CPU
		{29F4DA56-C4DF-43FE-A206-60ED704C3A16}.Debug|Any CPU.ActiveCfg = Debug|Any CPU
		{29F4DA56-C4DF-43FE-A206-60ED704C3A16}.Debug|Any CPU.Build.0 = Debug|Any CPU
		{29F4DA56-C4DF-43FE-A206-60ED704C3A16}.Release|Any CPU.ActiveCfg = Release|Any CPU
		{29F4DA56-C4DF-43FE-A206-60ED704C3A16}.Release|Any CPU.Build.0 = Release|Any CPU
		{34C6C3AC-D345-4F2D-B6F8-E13D94F1F203}.Debug|Any CPU.ActiveCfg = Debug|Any CPU
		{34C6C3AC-D345-4F2D-B6F8-E13D94F1F203}.Debug|Any CPU.Build.0 = Debug|Any CPU
		{34C6C3AC-D345-4F2D-B6F8-E13D94F1F203}.Release|Any CPU.ActiveCfg = Release|Any CPU
		{34C6C3AC-D345-4F2D-B6F8-E13D94F1F203}.Release|Any CPU.Build.0 = Release|Any CPU
		{A50E70E0-9A4D-4F56-A9E8-0ABAA5E7AC97}.Debug|Any CPU.ActiveCfg = Debug|Any CPU
		{A50E70E0-9A4D-4F56-A9E8-0ABAA5E7AC97}.Debug|Any CPU.Build.0 = Debug|Any CPU
		{A50E70E0-9A4D-4F56-A9E8-0ABAA5E7AC97}.Release|Any CPU.ActiveCfg = Release|Any CPU
		{A50E70E0-9A4D-4F56-A9E8-0ABAA5E7AC97}.Release|Any CPU.Build.0 = Release|Any CPU
		{C104D301-627D-4A08-AE18-87DA6724D599}.Debug|Any CPU.ActiveCfg = Debug|Any CPU
		{C104D301-627D-4A08-AE18-87DA6724D599}.Debug|Any CPU.Build.0 = Debug|Any CPU
		{C104D301-627D-4A08-AE18-87DA6724D599}.Release|Any CPU.ActiveCfg = Release|Any CPU
		{C104D301-627D-4A08-AE18-87DA6724D599}.Release|Any CPU.Build.0 = Release|Any CPU
	EndGlobalSection
	GlobalSection(SolutionProperties) = preSolution
		HideSolutionNode = FALSE
	EndGlobalSection
	GlobalSection(NestedProjects) = preSolution
		{96640755-8DAF-4B12-A13F-49EB28A93B5D} = {288A0C9A-2773-41F9-8DAA-80A97863F293}
		{56B097E2-7DA8-4DFF-A0C8-44FEC503432E} = {711A13D5-30BE-48DD-AA7F-6A574B7BDF0D}
		{EC7DB42A-3F37-4512-BF3D-4CF69C9133ED} = {711A13D5-30BE-48DD-AA7F-6A574B7BDF0D}
		{8CEB6E0C-3AAE-45F4-B650-703EDF2ECA80} = {711A13D5-30BE-48DD-AA7F-6A574B7BDF0D}
		{87555BB2-F02C-4096-8C30-FDD148D8C062} = {711A13D5-30BE-48DD-AA7F-6A574B7BDF0D}
		{1B3FA80F-045C-4D90-B7FA-2C3B406B334E} = {E392D3AA-17D2-40C8-A6E3-02B37FAE4A3A}
		{B9F17B4D-58D9-465F-B2EC-B943D1CF8A97} = {E392D3AA-17D2-40C8-A6E3-02B37FAE4A3A}
		{EE7F52BE-D6A6-4693-B5DA-589D1B74CFD8} = {E392D3AA-17D2-40C8-A6E3-02B37FAE4A3A}
		{20D37767-2457-47BC-8EC7-AE786DC5C43B} = {E392D3AA-17D2-40C8-A6E3-02B37FAE4A3A}
		{02331A2E-C672-4B25-A554-9E58F37A3E55} = {E4B98438-A0AD-462E-ADCD-7B54402E0AC0}
		{29F4DA56-C4DF-43FE-A206-60ED704C3A16} = {E4B98438-A0AD-462E-ADCD-7B54402E0AC0}
		{34C6C3AC-D345-4F2D-B6F8-E13D94F1F203} = {E4B98438-A0AD-462E-ADCD-7B54402E0AC0}
		{A50E70E0-9A4D-4F56-A9E8-0ABAA5E7AC97} = {E4B98438-A0AD-462E-ADCD-7B54402E0AC0}
		{C104D301-627D-4A08-AE18-87DA6724D599} = {CA4B82C4-220F-4F92-95F9-700FA2CD68A4}
	EndGlobalSection
	GlobalSection(ExtensibilityGlobals) = postSolution
		SolutionGuid = {1719BDCB-1D45-4C70-B982-A503936602EA}
	EndGlobalSection
EndGlobal
